
Microsoft Visual Studio Solution File, Format Version 12.00
# Visual Studio Version 16
VisualStudioVersion = 16.0.31624.102
MinimumVisualStudioVersion = 10.0.40219.1
Project("{FAE04EC0-301F-11D3-BF4B-00C04F79EFBC}") = "SessionOne", "SessionOne\SessionOne.csproj", "{52F972A9-F326-4354-B06F-78C310A87B9C}"
EndProject
Global
	GlobalSection(SolutionConfigurationPlatforms) = preSolution
		Debug|Any CPU = Debug|Any CPU
		Release|Any CPU = Release|Any CPU
	EndGlobalSection
	GlobalSection(ProjectConfigurationPlatforms) = postSolution
		{52F972A9-F326-4354-B06F-78C310A87B9C}.Debug|Any CPU.ActiveCfg = Debug|Any CPU
		{52F972A9-F326-4354-B06F-78C310A87B9C}.Debug|Any CPU.Build.0 = Debug|Any CPU
		{52F972A9-F326-4354-B06F-78C310A87B9C}.Release|Any CPU.ActiveCfg = Release|Any CPU
		{52F972A9-F326-4354-B06F-78C310A87B9C}.Release|Any CPU.Build.0 = Release|Any CPU
	EndGlobalSection
	GlobalSection(SolutionProperties) = preSolution
		HideSolutionNode = FALSE
	EndGlobalSection
	GlobalSection(ExtensibilityGlobals) = postSolution
		SolutionGuid = {9C866651-D80A-4912-873E-AC9FE236ACF5}
	EndGlobalSection
EndGlobal
